
Microsoft Visual Studio Solution File, Format Version 12.00
# Visual Studio 15
VisualStudioVersion = 15.0.27130.2010
MinimumVisualStudioVersion = 10.0.40219.1
Project("{FAE04EC0-301F-11D3-BF4B-00C04F79EFBC}") = "SharebookQA.UI", "SharebookQA.UI\SharebookQA.UI.csproj", "{855BAAB2-BF68-4220-887B-702C266AC7BC}"
EndProject
Global
	GlobalSection(SolutionConfigurationPlatforms) = preSolution
		Debug|Any CPU = Debug|Any CPU
		Release|Any CPU = Release|Any CPU
	EndGlobalSection
	GlobalSection(ProjectConfigurationPlatforms) = postSolution
		{855BAAB2-BF68-4220-887B-702C266AC7BC}.Debug|Any CPU.ActiveCfg = Debug|Any CPU
		{855BAAB2-BF68-4220-887B-702C266AC7BC}.Debug|Any CPU.Build.0 = Debug|Any CPU
		{855BAAB2-BF68-4220-887B-702C266AC7BC}.Release|Any CPU.ActiveCfg = Release|Any CPU
		{855BAAB2-BF68-4220-887B-702C266AC7BC}.Release|Any CPU.Build.0 = Release|Any CPU
	EndGlobalSection
	GlobalSection(SolutionProperties) = preSolution
		HideSolutionNode = FALSE
	EndGlobalSection
	GlobalSection(ExtensibilityGlobals) = postSolution
		SolutionGuid = {7BAF7F3C-D8C9-4D55-B549-19390118F8C3}
	EndGlobalSection
EndGlobal
